
Microsoft Visual Studio Solution File, Format Version 12.00
# Visual Studio Version 17
VisualStudioVersion = 17.0.31903.59
MinimumVisualStudioVersion = 10.0.40219.1
Project("{2150E333-8FDC-42A3-9474-1A3956D46DE8}") = "src", "src", "{827E0CD3-B72D-47B6-A68D-7590B98EB39B}"
EndProject
Project("{FAE04EC0-301F-11D3-BF4B-00C04F79EFBC}") = "OriTrainerDE", "src\OriTrainerDE\OriTrainerDE.csproj", "{A3B58BF8-0FF8-4E01-A8AE-167FCB182F08}"
EndProject
Project("{FAE04EC0-301F-11D3-BF4B-00C04F79EFBC}") = "OriTrainerDEDLL", "src\OriTrainerDEDLL\OriTrainerDEDLL.csproj", "{66DC0910-0D2E-45B7-A21C-E8BF38F11723}"
EndProject
Project("{2150E333-8FDC-42A3-9474-1A3956D46DE8}") = "tests", "tests", "{0AB3BF05-4346-4AA6-1389-037BE0695223}"
EndProject
Project("{FAE04EC0-301F-11D3-BF4B-00C04F79EFBC}") = "FakeGame", "tests\FakeGame\FakeGame.csproj", "{9847F5D0-3D67-489F-8C60-F00A451EC76A}"
EndProject
Project("{FAE04EC0-301F-11D3-BF4B-00C04F79EFBC}") = "Grab", "tests\Grab\Grab.csproj", "{8D799CED-ACA3-4D97-9641-61507FB3192E}"
EndProject
Project("{FAE04EC0-301F-11D3-BF4B-00C04F79EFBC}") = "OriTrainerTests", "tests\OriTrainerTests\OriTrainerTests.csproj", "{8ECC8688-5014-4015-9595-D38BCF093B06}"
EndProject
Global
	GlobalSection(SolutionConfigurationPlatforms) = preSolution
		Debug|Any CPU = Debug|Any CPU
		Debug|x64 = Debug|x64
		Debug|x86 = Debug|x86
		Release|Any CPU = Release|Any CPU
		Release|x64 = Release|x64
		Release|x86 = Release|x86
	EndGlobalSection
	GlobalSection(ProjectConfigurationPlatforms) = postSolution
		{A3B58BF8-0FF8-4E01-A8AE-167FCB182F08}.Debug|Any CPU.ActiveCfg = Debug|Any CPU
		{A3B58BF8-0FF8-4E01-A8AE-167FCB182F08}.Debug|Any CPU.Build.0 = Debug|Any CPU
		{A3B58BF8-0FF8-4E01-A8AE-167FCB182F08}.Debug|x64.ActiveCfg = Debug|Any CPU
		{A3B58BF8-0FF8-4E01-A8AE-167FCB182F08}.Debug|x64.Build.0 = Debug|Any CPU
		{A3B58BF8-0FF8-4E01-A8AE-167FCB182F08}.Debug|x86.ActiveCfg = Debug|Any CPU
		{A3B58BF8-0FF8-4E01-A8AE-167FCB182F08}.Debug|x86.Build.0 = Debug|Any CPU
		{A3B58BF8-0FF8-4E01-A8AE-167FCB182F08}.Release|Any CPU.ActiveCfg = Release|Any CPU
		{A3B58BF8-0FF8-4E01-A8AE-167FCB182F08}.Release|Any CPU.Build.0 = Release|Any CPU
		{A3B58BF8-0FF8-4E01-A8AE-167FCB182F08}.Release|x64.ActiveCfg = Release|Any CPU
		{A3B58BF8-0FF8-4E01-A8AE-167FCB182F08}.Release|x64.Build.0 = Release|Any CPU
		{A3B58BF8-0FF8-4E01-A8AE-167FCB182F08}.Release|x86.ActiveCfg = Release|Any CPU
		{A3B58BF8-0FF8-4E01-A8AE-167FCB182F08}.Release|x86.Build.0 = Release|Any CPU
		{66DC0910-0D2E-45B7-A21C-E8BF38F11723}.Debug|Any CPU.ActiveCfg = Debug|Any CPU
		{66DC0910-0D2E-45B7-A21C-E8BF38F11723}.Debug|Any CPU.Build.0 = Debug|Any CPU
		{66DC0910-0D2E-45B7-A21C-E8BF38F11723}.Debug|x64.ActiveCfg = Debug|Any CPU
		{66DC0910-0D2E-45B7-A21C-E8BF38F11723}.Debug|x64.Build.0 = Debug|Any CPU
		{66DC0910-0D2E-45B7-A21C-E8BF38F11723}.Debug|x86.ActiveCfg = Debug|Any CPU
		{66DC0910-0D2E-45B7-A21C-E8BF38F11723}.Debug|x86.Build.0 = Debug|Any CPU
		{66DC0910-0D2E-45B7-A21C-E8BF38F11723}.Release|Any CPU.ActiveCfg = Release|Any CPU
		{66DC0910-0D2E-45B7-A21C-E8BF38F11723}.Release|Any CPU.Build.0 = Release|Any CPU
		{66DC0910-0D2E-45B7-A21C-E8BF38F11723}.Release|x64.ActiveCfg = Release|Any CPU
		{66DC0910-0D2E-45B7-A21C-E8BF38F11723}.Release|x64.Build.0 = Release|Any CPU
		{66DC0910-0D2E-45B7-A21C-E8BF38F11723}.Release|x86.ActiveCfg = Release|Any CPU
		{66DC0910-0D2E-45B7-A21C-E8BF38F11723}.Release|x86.Build.0 = Release|Any CPU
		{9847F5D0-3D67-489F-8C60-F00A451EC76A}.Debug|Any CPU.ActiveCfg = Debug|Any CPU
		{9847F5D0-3D67-489F-8C60-F00A451EC76A}.Debug|Any CPU.Build.0 = Debug|Any CPU
		{9847F5D0-3D67-489F-8C60-F00A451EC76A}.Debug|x64.ActiveCfg = Debug|Any CPU
		{9847F5D0-3D67-489F-8C60-F00A451EC76A}.Debug|x64.Build.0 = Debug|Any CPU
		{9847F5D0-3D67-489F-8C60-F00A451EC76A}.Debug|x86.ActiveCfg = Debug|Any CPU
		{9847F5D0-3D67-489F-8C60-F00A451EC76A}.Debug|x86.Build.0 = Debug|Any CPU
		{9847F5D0-3D67-489F-8C60-F00A451EC76A}.Release|Any CPU.ActiveCfg = Release|Any CPU
		{9847F5D0-3D67-489F-8C60-F00A451EC76A}.Release|Any CPU.Build.0 = Release|Any CPU
		{9847F5D0-3D67-489F-8C60-F00A451EC76A}.Release|x64.ActiveCfg = Release|Any CPU
		{9847F5D0-3D67-489F-8C60-F00A451EC76A}.Release|x64.Build.0 = Release|Any CPU
		{9847F5D0-3D67-489F-8C60-F00A451EC76A}.Release|x86.ActiveCfg = Release|Any CPU
		{9847F5D0-3D67-489F-8C60-F00A451EC76A}.Release|x86.Build.0 = Release|Any CPU
		{8D799CED-ACA3-4D97-9641-61507FB3192E}.Debug|Any CPU.ActiveCfg = Debug|Any CPU
		{8D799CED-ACA3-4D97-9641-61507FB3192E}.Debug|Any CPU.Build.0 = Debug|Any CPU
		{8D799CED-ACA3-4D97-9641-61507FB3192E}.Debug|x64.ActiveCfg = Debug|Any CPU
		{8D799CED-ACA3-4D97-9641-61507FB3192E}.Debug|x64.Build.0 = Debug|Any CPU
		{8D799CED-ACA3-4D97-9641-61507FB3192E}.Debug|x86.ActiveCfg = Debug|Any CPU
		{8D799CED-ACA3-4D97-9641-61507FB3192E}.Debug|x86.Build.0 = Debug|Any CPU
		{8D799CED-ACA3-4D97-9641-61507FB3192E}.Release|Any CPU.ActiveCfg = Release|Any CPU
		{8D799CED-ACA3-4D97-9641-61507FB3192E}.Release|Any CPU.Build.0 = Release|Any CPU
		{8D799CED-ACA3-4D97-9641-61507FB3192E}.Release|x64.ActiveCfg = Release|Any CPU
		{8D799CED-ACA3-4D97-9641-61507FB3192E}.Release|x64.Build.0 = Release|Any CPU
		{8D799CED-ACA3-4D97-9641-61507FB3192E}.Release|x86.ActiveCfg = Release|Any CPU
		{8D799CED-ACA3-4D97-9641-61507FB3192E}.Release|x86.Build.0 = Release|Any CPU
		{8ECC8688-5014-4015-9595-D38BCF093B06}.Debug|Any CPU.ActiveCfg = Debug|Any CPU
		{8ECC8688-5014-4015-9595-D38BCF093B06}.Debug|Any CPU.Build.0 = Debug|Any CPU
		{8ECC8688-5014-4015-9595-D38BCF093B06}.Debug|x64.ActiveCfg = Debug|Any CPU
		{8ECC8688-5014-4015-9595-D38BCF093B06}.Debug|x64.Build.0 = Debug|Any CPU
		{8ECC8688-5014-4015-9595-D38BCF093B06}.Debug|x86.ActiveCfg = Debug|Any CPU
		{8ECC8688-5014-4015-9595-D38BCF093B06}.Debug|x86.Build.0 = Debug|Any CPU
		{8ECC8688-5014-4015-9595-D38BCF093B06}.Release|Any CPU.ActiveCfg = Release|Any CPU
		{8ECC8688-5014-4015-9595-D38BCF093B06}.Release|Any CPU.Build.0 = Release|Any CPU
		{8ECC8688-5014-4015-9595-D38BCF093B06}.Release|x64.ActiveCfg = Release|Any CPU
		{8ECC8688-5014-4015-9595-D38BCF093B06}.Release|x64.Build.0 = Release|Any CPU
		{8ECC8688-5014-4015-9595-D38BCF093B06}.Release|x86.ActiveCfg = Release|Any CPU
		{8ECC8688-5014-4015-9595-D38BCF093B06}.Release|x86.Build.0 = Release|Any CPU
	EndGlobalSection
	GlobalSection(SolutionProperties) = preSolution
		HideSolutionNode = FALSE
	EndGlobalSection
	GlobalSection(NestedProjects) = preSolution
		{A3B58BF8-0FF8-4E01-A8AE-167FCB182F08} = {827E0CD3-B72D-47B6-A68D-7590B98EB39B}
		{66DC0910-0D2E-45B7-A21C-E8BF38F11723} = {827E0CD3-B72D-47B6-A68D-7590B98EB39B}
		{9847F5D0-3D67-489F-8C60-F00A451EC76A} = {0AB3BF05-4346-4AA6-1389-037BE0695223}
		{8D799CED-ACA3-4D97-9641-61507FB3192E} = {0AB3BF05-4346-4AA6-1389-037BE0695223}
		{8ECC8688-5014-4015-9595-D38BCF093B06} = {0AB3BF05-4346-4AA6-1389-037BE0695223}
	EndGlobalSection
EndGlobal
